# THIS IS AN AUTOGENERATED FILE. DO NOT EDIT THIS FILE DIRECTLY.
# yarn lockfile v1


assert-plus@^1.0.0:
  version "1.0.0"
  resolved assert-plus-1.0.0.tgz#f12e0f3c5d77b0b1cdd9146942e4e96c1e4dd525

"binaryheap@>= 0.0.3":
  version "0.0.3"
  resolved binaryheap-0.0.3.tgz#0d6136c84e9f1a5a90c0b97178c3e00df59820d6

"buffercursor@>= 0.0.12":
  version "0.0.12"
  resolved buffercursor-0.0.12.tgz#78a9a7f4343ae7d820a8999acc80de591e25a779
  dependencies:
    verror "^1.4.0"

core-util-is@1.0.2:
  version "1.0.2"
  resolved core-util-is-1.0.2.tgz#b5fd54220aa2bc5ab57aab7140c940754503c1a7

debug@^2.6.1:
  version "2.6.1"
  resolved debug-2.6.1.tgz#79855090ba2c4e3115cc7d8769491d58f0491351
  dependencies:
    ms "0.7.2"

extsprintf@^1.2.0:
  version "1.3.0"
  resolved extsprintf-1.3.0.tgz#96918440e3041a7a414f8c52e3c574eb3c3e1e05

"ipaddr.js@>= 0.1.1", ipaddr.js@~0.1.3:
  version "0.1.9"
  resolved ipaddr.js-0.1.9.tgz#a9c78ccc12dc9010f296ab9aef2f61f432d69efa

ms@0.7.2:
  version "0.7.2"
  resolved ms-0.7.2.tgz#ae25cf2512b3885a1d95d7f037868d8431124765

native-dns-cache@~0.0.2:
  version "0.0.2"
  resolved native-dns-cache-0.0.2.tgz#ce0998f7fdf6c7990970a33190624b0e98ee959b
  dependencies:
    binaryheap ">= 0.0.3"
    native-dns-packet ">= 0.0.1"

"native-dns-packet@>= 0.0.1", native-dns-packet@~0.1.1:
  version "0.1.1"
  resolved native-dns-packet-0.1.1.tgz#97da90570b8438a00194701ce24d011fd3cc109a
  dependencies:
    buffercursor ">= 0.0.12"
    ipaddr.js ">= 0.1.1"

native-dns@~0.7.0:
  version "0.7.0"
  resolved native-dns-0.7.0.tgz#df418636f08fb29e8fcb7ef142c822a1588ba5b7
  dependencies:
    ipaddr.js "~0.1.3"
    native-dns-cache "~0.0.2"
    native-dns-packet "~0.1.1"

nslookup@^1.1.1:
  version "1.1.1"
  resolved nslookup-1.1.1.tgz#59937f914e8eefd10141e5653f62a0cc951a373b
  dependencies:
    native-dns "~0.7.0"

verror@^1.4.0:
  version "1.9.0"
  resolved verror-1.9.0.tgz#107a8a2d14c33586fc4bb830057cd2d19ae2a6ee
  dependencies:
    assert-plus "^1.0.0"
    core-util-is "1.0.2"
    extsprintf "^1.2.0"
